
Microsoft Visual Studio Solution File, Format Version 12.00
# Visual Studio Version 17
VisualStudioVersion = 17.2.32526.322
MinimumVisualStudioVersion = 10.0.40219.1
Project("{FAE04EC0-301F-11D3-BF4B-00C04F79EFBC}") = "HotPin", "HotPin\HotPin.netcore.csproj", "{2C9E652C-2517-45C3-863F-A3FB693A77CC}"
EndProject
Project("{FAE04EC0-301F-11D3-BF4B-00C04F79EFBC}") = "HotPin.Core", "HotPin.Core\HotPin.Core.netcore.csproj", "{5A832836-AEBB-4B0A-A621-2821D7E45D74}"
EndProject
Project("{FAE04EC0-301F-11D3-BF4B-00C04F79EFBC}") = "HotPin.Commands", "HotPin.Commands\HotPin.Commands.netcore.csproj", "{6103332A-9571-425E-BE83-D9089E33E668}"
EndProject
Global
	GlobalSection(SolutionConfigurationPlatforms) = preSolution
		Debug|Any CPU = Debug|Any CPU
		Release|Any CPU = Release|Any CPU
	EndGlobalSection
	GlobalSection(ProjectConfigurationPlatforms) = postSolution
		{2C9E652C-2517-45C3-863F-A3FB693A77CC}.Debug|Any CPU.ActiveCfg = Debug|Any CPU
		{2C9E652C-2517-45C3-863F-A3FB693A77CC}.Debug|Any CPU.Build.0 = Debug|Any CPU
		{2C9E652C-2517-45C3-863F-A3FB693A77CC}.Release|Any CPU.ActiveCfg = Release|Any CPU
		{2C9E652C-2517-45C3-863F-A3FB693A77CC}.Release|Any CPU.Build.0 = Release|Any CPU
		{5A832836-AEBB-4B0A-A621-2821D7E45D74}.Debug|Any CPU.ActiveCfg = Debug|Any CPU
		{5A832836-AEBB-4B0A-A621-2821D7E45D74}.Debug|Any CPU.Build.0 = Debug|Any CPU
		{5A832836-AEBB-4B0A-A621-2821D7E45D74}.Release|Any CPU.ActiveCfg = Release|Any CPU
		{5A832836-AEBB-4B0A-A621-2821D7E45D74}.Release|Any CPU.Build.0 = Release|Any CPU
		{6103332A-9571-425E-BE83-D9089E33E668}.Debug|Any CPU.ActiveCfg = Debug|Any CPU
		{6103332A-9571-425E-BE83-D9089E33E668}.Debug|Any CPU.Build.0 = Debug|Any CPU
		{6103332A-9571-425E-BE83-D9089E33E668}.Release|Any CPU.ActiveCfg = Release|Any CPU
		{6103332A-9571-425E-BE83-D9089E33E668}.Release|Any CPU.Build.0 = Release|Any CPU
	EndGlobalSection
	GlobalSection(SolutionProperties) = preSolution
		HideSolutionNode = FALSE
	EndGlobalSection
	GlobalSection(ExtensibilityGlobals) = postSolution
		SolutionGuid = {4A00E336-8511-412B-82A0-E0FCE063C0A6}
	EndGlobalSection
EndGlobal
